{
    "name": "gltf-test",
    "lockfileVersion": 3,
    "requires": true,
    "packages": {
        "": {
            "dependencies": {
                "@gltf-transform/core": "^3.0.0",
                "@gltf-transform/extensions": "^3.0.0"
            },
            "devDependencies": {
                "typescript": "^4.9.5"
            }
        },
        "node_modules/@gltf-transform/core": {
            "version": "3.0.0",
            "resolved": "https://registry.npmjs.org/@gltf-transform/core/-/core-3.0.0.tgz",
            "integrity": "sha512-G00Lz6FS/lOqVE4pZwZCQxg6UNQTMx+YLqlLy72Ou0Ku/QtIkvMY8fmq7TbKHKdpko7xj1/nrIFZs1smlZDtdA==",
            "dependencies": {
                "property-graph": "^1.0.0"
            }
        },
        "node_modules/@gltf-transform/extensions": {
            "version": "3.0.0",
            "resolved": "https://registry.npmjs.org/@gltf-transform/extensions/-/extensions-3.0.0.tgz",
            "integrity": "sha512-d3Nl0YU3ZOmjvxUBeJXTOxN+PsX72DmDmP004QnpP8H7gk2Bi86NlZOhAB6bU7vFTq+BestOpg6OaRZl4S0gPg==",
            "dependencies": {
                "@gltf-transform/core": "^3.0.0",
                "ktx-parse": "^0.4.5"
            }
        },
        "node_modules/ktx-parse": {
            "version": "0.4.5",
            "resolved": "https://registry.npmjs.org/ktx-parse/-/ktx-parse-0.4.5.tgz",
            "integrity": "sha512-MK3FOody4TXbFf8Yqv7EBbySw7aPvEcPX++Ipt6Sox+/YMFvR5xaTyhfNSk1AEmMy+RYIw81ctN4IMxCB8OAlg=="
        },
        "node_modules/property-graph": {
            "version": "1.0.3",
            "resolved": "https://registry.npmjs.org/property-graph/-/property-graph-1.0.3.tgz",
            "integrity": "sha512-LhNLXmbUfWio8R6H+KEzhnQ9EYmo7/qe7v9jmZuvkZPgIdLhRNPSP1wrfUG0hJhamT9u0bRSfIKJxSKfotQ+zQ=="
        },
        "node_modules/typescript": {
            "version": "4.9.5",
            "resolved": "https://registry.npmjs.org/typescript/-/typescript-4.9.5.tgz",
            "integrity": "sha512-1FXk9E2Hm+QzZQ7z+McJiHL4NW1F2EzMu9Nq9i3zAaGqibafqYwCVU6WyWAuyQRRzOlxou8xZSyXLEN8oKj24g==",
            "dev": true,
            "bin": {
                "tsc": "bin/tsc",
                "tsserver": "bin/tsserver"
            },
            "engines": {
                "node": ">=4.2.0"
            }
        }
    }
}
